
Microsoft Visual Studio Solution File, Format Version 12.00
# Visual Studio Version 17
VisualStudioVersion = 17.14.36414.22 d17.14
MinimumVisualStudioVersion = 10.0.40219.1
Project("{FAE04EC0-301F-11D3-BF4B-00C04F79EFBC}") = "mf-dev-backend-2023", "mf-dev-backend-2023\mf-dev-backend-2023.csproj", "{993AB457-F951-4615-BFBB-C7C5CD4614E7}"
EndProject
Global
	GlobalSection(SolutionConfigurationPlatforms) = preSolution
		Debug|Any CPU = Debug|Any CPU
		Release|Any CPU = Release|Any CPU
	EndGlobalSection
	GlobalSection(ProjectConfigurationPlatforms) = postSolution
		{993AB457-F951-4615-BFBB-C7C5CD4614E7}.Debug|Any CPU.ActiveCfg = Debug|Any CPU
		{993AB457-F951-4615-BFBB-C7C5CD4614E7}.Debug|Any CPU.Build.0 = Debug|Any CPU
		{993AB457-F951-4615-BFBB-C7C5CD4614E7}.Release|Any CPU.ActiveCfg = Release|Any CPU
		{993AB457-F951-4615-BFBB-C7C5CD4614E7}.Release|Any CPU.Build.0 = Release|Any CPU
	EndGlobalSection
	GlobalSection(SolutionProperties) = preSolution
		HideSolutionNode = FALSE
	EndGlobalSection
	GlobalSection(ExtensibilityGlobals) = postSolution
		SolutionGuid = {D38E346A-7D9C-42EB-8CDD-D6CFF5CD8FF7}
	EndGlobalSection
EndGlobal
